<Solution>
  <Project Path="Codebreaker.Backend.AppHost/Codebreaker.Backend.AppHost.csproj" Id="dd13168b-35d9-41eb-99f0-a58ba4a4ef3f" />
  <Project Path="Codebreaker.Backend.ServiceDefaults/Codebreaker.Backend.ServiceDefaults.csproj" />
  <Project Path="CodeBreaker.Bot/CodeBreaker.Bot.csproj" />
  <Project Path="Codebreaker.GameAPIs/Codebreaker.GameAPIs.csproj" />
</Solution>
